
Microsoft Visual Studio Solution File, Format Version 12.00
# Visual Studio 15
Project("{FAE04EC0-301F-11D3-BF4B-00C04F79EFBC}") = "Assembly-CSharp", "Assembly-CSharp.csproj", "{F721A63C-9FB3-A953-AE98-2646B99F239B}"
EndProject
Global
	GlobalSection(SolutionConfigurationPlatforms) = preSolution
		Debug|Any CPU = Debug|Any CPU
		Release|Any CPU = Release|Any CPU
	EndGlobalSection
	GlobalSection(ProjectConfigurationPlatforms) = postSolution
		{F721A63C-9FB3-A953-AE98-2646B99F239B}.Debug|Any CPU.ActiveCfg = Debug|Any CPU
		{F721A63C-9FB3-A953-AE98-2646B99F239B}.Debug|Any CPU.Build.0 = Debug|Any CPU
		{F721A63C-9FB3-A953-AE98-2646B99F239B}.Release|Any CPU.ActiveCfg = Release|Any CPU
		{F721A63C-9FB3-A953-AE98-2646B99F239B}.Release|Any CPU.Build.0 = Release|Any CPU
	EndGlobalSection
	GlobalSection(SolutionProperties) = preSolution
		HideSolutionNode = FALSE
	EndGlobalSection
EndGlobal
